
Microsoft Visual Studio Solution File, Format Version 12.00
# Visual Studio 14
VisualStudioVersion = 14.0.23107.0
MinimumVisualStudioVersion = 10.0.40219.1
Project("{FAE04EC0-301F-11D3-BF4B-00C04F79EFBC}") = "_DataServer", "_DataServer\_DataServer.csproj", "{6BB62820-ECD1-4E5A-A186-0BD345F0B015}"
EndProject
Project("{FAE04EC0-301F-11D3-BF4B-00C04F79EFBC}") = "DataClient", "DataClient\DataClient.csproj", "{98117BB8-4FC4-4477-B089-D301602FABA2}"
EndProject
Global
	GlobalSection(SolutionConfigurationPlatforms) = preSolution
		Debug|Any CPU = Debug|Any CPU
		Release|Any CPU = Release|Any CPU
	EndGlobalSection
	GlobalSection(ProjectConfigurationPlatforms) = postSolution
		{6BB62820-ECD1-4E5A-A186-0BD345F0B015}.Debug|Any CPU.ActiveCfg = Debug|Any CPU
		{6BB62820-ECD1-4E5A-A186-0BD345F0B015}.Debug|Any CPU.Build.0 = Debug|Any CPU
		{6BB62820-ECD1-4E5A-A186-0BD345F0B015}.Release|Any CPU.ActiveCfg = Release|Any CPU
		{6BB62820-ECD1-4E5A-A186-0BD345F0B015}.Release|Any CPU.Build.0 = Release|Any CPU
		{98117BB8-4FC4-4477-B089-D301602FABA2}.Debug|Any CPU.ActiveCfg = Debug|Any CPU
		{98117BB8-4FC4-4477-B089-D301602FABA2}.Debug|Any CPU.Build.0 = Debug|Any CPU
		{98117BB8-4FC4-4477-B089-D301602FABA2}.Release|Any CPU.ActiveCfg = Release|Any CPU
		{98117BB8-4FC4-4477-B089-D301602FABA2}.Release|Any CPU.Build.0 = Release|Any CPU
	EndGlobalSection
	GlobalSection(SolutionProperties) = preSolution
		HideSolutionNode = FALSE
	EndGlobalSection
EndGlobal
